// !$*UTF8*$!
{
	archiveVersion = 1;
	classes = {
	};
	objectVersion = 56;
	objects = {

/* Begin PBXBuildFile section */
		1808ED852AB8134C003DC28E /* AppDelegate.swift in Sources */ = {isa = PBXBuildFile; fileRef = 1808ED842AB8134C003DC28E /* AppDelegate.swift */; };
		1808ED872AB8134C003DC28E /* SceneDelegate.swift in Sources */ = {isa = PBXBuildFile; fileRef = 1808ED862AB8134C003DC28E /* SceneDelegate.swift */; };
		1808ED892AB8134C003DC28E /* ViewController.swift in Sources */ = {isa = PBXBuildFile; fileRef = 1808ED882AB8134C003DC28E /* ViewController.swift */; };
		1808ED8C2AB8134C003DC28E /* Main.storyboard in Resources */ = {isa = PBXBuildFile; fileRef = 1808ED8A2AB8134C003DC28E /* Main.storyboard */; };
		1808ED8E2AB8134F003DC28E /* Assets.xcassets in Resources */ = {isa = PBXBuildFile; fileRef = 1808ED8D2AB8134F003DC28E /* Assets.xcassets */; };
		1808ED912AB8134F003DC28E /* LaunchScreen.storyboard in Resources */ = {isa = PBXBuildFile; fileRef = 1808ED8F2AB8134F003DC28E /* LaunchScreen.storyboard */; };
		1808ED9C2AB8134F003DC28E /* LendEasyProjectTests.swift in Sources */ = {isa = PBXBuildFile; fileRef = 1808ED9B2AB8134F003DC28E /* LendEasyProjectTests.swift */; };
		1808EDA62AB8134F003DC28E /* LendEasyProjectUITests.swift in Sources */ = {isa = PBXBuildFile; fileRef = 1808EDA52AB8134F003DC28E /* LendEasyProjectUITests.swift */; };
		1808EDA82AB8134F003DC28E /* LendEasyProjectUITestsLaunchTests.swift in Sources */ = {isa = PBXBuildFile; fileRef = 1808EDA72AB8134F003DC28E /* LendEasyProjectUITestsLaunchTests.swift */; };
/* End PBXBuildFile section */

/* Begin PBXContainerItemProxy section */
		1808ED982AB8134F003DC28E /* PBXContainerItemProxy */ = {
			isa = PBXContainerItemProxy;
			containerPortal = 1808ED792AB8134C003DC28E /* Project object */;
			proxyType = 1;
			remoteGlobalIDString = 1808ED802AB8134C003DC28E;
			remoteInfo = LendEasyProject;
		};
		1808EDA22AB8134F003DC28E /* PBXContainerItemProxy */ = {
			isa = PBXContainerItemProxy;
			containerPortal = 1808ED792AB8134C003DC28E /* Project object */;
			proxyType = 1;
			remoteGlobalIDString = 1808ED802AB8134C003DC28E;
			remoteInfo = LendEasyProject;
		};
/* End PBXContainerItemProxy section */

/* Begin PBXFileReference section */
		1808ED812AB8134C003DC28E /* LendEasyProject.app */ = {isa = PBXFileReference; explicitFileType = wrapper.application; includeInIndex = 0; path = LendEasyProject.app; sourceTree = BUILT_PRODUCTS_DIR; };
		1808ED842AB8134C003DC28E /* AppDelegate.swift */ = {isa = PBXFileReference; lastKnownFileType = sourcecode.swift; path = AppDelegate.swift; sourceTree = "<group>"; };
		1808ED862AB8134C003DC28E /* SceneDelegate.swift */ = {isa = PBXFileReference; lastKnownFileType = sourcecode.swift; path = SceneDelegate.swift; sourceTree = "<group>"; };
		1808ED882AB8134C003DC28E /* ViewController.swift */ = {isa = PBXFileReference; lastKnownFileType = sourcecode.swift; path = ViewController.swift; sourceTree = "<group>"; };
		1808ED8B2AB8134C003DC28E /* Base */ = {isa = PBXFileReference; lastKnownFileType = file.storyboard; name = Base; path = Base.lproj/Main.storyboard; sourceTree = "<group>"; };
		1808ED8D2AB8134F003DC28E /* Assets.xcassets */ = {isa = PBXFileReference; lastKnownFileType = folder.assetcatalog; path = Assets.xcassets; sourceTree = "<group>"; };
		1808ED902AB8134F003DC28E /* Base */ = {isa = PBXFileReference; lastKnownFileType = file.storyboard; name = Base; path = Base.lproj/LaunchScreen.storyboard; sourceTree = "<group>"; };
		1808ED922AB8134F003DC28E /* Info.plist */ = {isa = PBXFileReference; lastKnownFileType = text.plist.xml; path = Info.plist; sourceTree = "<group>"; };
		1808ED972AB8134F003DC28E /* LendEasyProjectTests.xctest */ = {isa = PBXFileReference; explicitFileType = wrapper.cfbundle; includeInIndex = 0; path = LendEasyProjectTests.xctest; sourceTree = BUILT_PRODUCTS_DIR; };
		1808ED9B2AB8134F003DC28E /* LendEasyProjectTests.swift */ = {isa = PBXFileReference; lastKnownFileType = sourcecode.swift; path = LendEasyProjectTests.swift; sourceTree = "<group>"; };
		1808EDA12AB8134F003DC28E /* LendEasyProjectUITests.xctest */ = {isa = PBXFileReference; explicitFileType = wrapper.cfbundle; includeInIndex = 0; path = LendEasyProjectUITests.xctest; sourceTree = BUILT_PRODUCTS_DIR; };
		1808EDA52AB8134F003DC28E /* LendEasyProjectUITests.swift */ = {isa = PBXFileReference; lastKnownFileType = sourcecode.swift; path = LendEasyProjectUITests.swift; sourceTree = "<group>"; };
		1808EDA72AB8134F003DC28E /* LendEasyProjectUITestsLaunchTests.swift */ = {isa = PBXFileReference; lastKnownFileType = sourcecode.swift; path = LendEasyProjectUITestsLaunchTests.swift; sourceTree = "<group>"; };
/* End PBXFileReference section */

/* Begin PBXFrameworksBuildPhase section */
		1808ED7E2AB8134C003DC28E /* Frameworks */ = {
			isa = PBXFrameworksBuildPhase;
			buildActionMask = 2147483647;
			files = (
			);
			runOnlyForDeploymentPostprocessing = 0;
		};
		1808ED942AB8134F003DC28E /* Frameworks */ = {
			isa = PBXFrameworksBuildPhase;
			buildActionMask = 2147483647;
			files = (
			);
			runOnlyForDeploymentPostprocessing = 0;
		};
		1808ED9E2AB8134F003DC28E /* Frameworks */ = {
			isa = PBXFrameworksBuildPhase;
			buildActionMask = 2147483647;
			files = (
			);
			runOnlyForDeploymentPostprocessing = 0;
		};
/* End PBXFrameworksBuildPhase section */

/* Begin PBXGroup section */
		1808ED782AB8134C003DC28E = {
			isa = PBXGroup;
			children = (
				1808ED832AB8134C003DC28E /* LendEasyProject */,
				1808ED9A2AB8134F003DC28E /* LendEasyProjectTests */,
				1808EDA42AB8134F003DC28E /* LendEasyProjectUITests */,
				1808ED822AB8134C003DC28E /* Products */,
			);
			sourceTree = "<group>";
		};
		1808ED822AB8134C003DC28E /* Products */ = {
			isa = PBXGroup;
			children = (
				1808ED812AB8134C003DC28E /* LendEasyProject.app */,
				1808ED972AB8134F003DC28E /* LendEasyProjectTests.xctest */,
				1808EDA12AB8134F003DC28E /* LendEasyProjectUITests.xctest */,
			);
			name = Products;
			sourceTree = "<group>";
		};
		1808ED832AB8134C003DC28E /* LendEasyProject */ = {
			isa = PBXGroup;
			children = (
				1808ED842AB8134C003DC28E /* AppDelegate.swift */,
				1808ED862AB8134C003DC28E /* SceneDelegate.swift */,
				1808ED882AB8134C003DC28E /* ViewController.swift */,
				1808ED8A2AB8134C003DC28E /* Main.storyboard */,
				1808ED8D2AB8134F003DC28E /* Assets.xcassets */,
				1808ED8F2AB8134F003DC28E /* LaunchScreen.storyboard */,
				1808ED922AB8134F003DC28E /* Info.plist */,
			);
			path = LendEasyProject;
			sourceTree = "<group>";
		};
		1808ED9A2AB8134F003DC28E /* LendEasyProjectTests */ = {
			isa = PBXGroup;
			children = (
				1808ED9B2AB8134F003DC28E /* LendEasyProjectTests.swift */,
			);
			path = LendEasyProjectTests;
			sourceTree = "<group>";
		};
		1808EDA42AB8134F003DC28E /* LendEasyProjectUITests */ = {
			isa = PBXGroup;
			children = (
				1808EDA52AB8134F003DC28E /* LendEasyProjectUITests.swift */,
				1808EDA72AB8134F003DC28E /* LendEasyProjectUITestsLaunchTests.swift */,
			);
			path = LendEasyProjectUITests;
			sourceTree = "<group>";
		};
/* End PBXGroup section */

/* Begin PBXNativeTarget section */
		1808ED802AB8134C003DC28E /* LendEasyProject */ = {
			isa = PBXNativeTarget;
			buildConfigurationList = 1808EDAB2AB8134F003DC28E /* Build configuration list for PBXNativeTarget "LendEasyProject" */;
			buildPhases = (
				1808ED7D2AB8134C003DC28E /* Sources */,
				1808ED7E2AB8134C003DC28E /* Frameworks */,
				1808ED7F2AB8134C003DC28E /* Resources */,
			);
			buildRules = (
			);
			dependencies = (
			);
			name = LendEasyProject;
			productName = LendEasyProject;
			productReference = 1808ED812AB8134C003DC28E /* LendEasyProject.app */;
			productType = "com.apple.product-type.application";
		};
		1808ED962AB8134F003DC28E /* LendEasyProjectTests */ = {
			isa = PBXNativeTarget;
			buildConfigurationList = 1808EDAE2AB8134F003DC28E /* Build configuration list for PBXNativeTarget "LendEasyProjectTests" */;
			buildPhases = (
				1808ED932AB8134F003DC28E /* Sources */,
				1808ED942AB8134F003DC28E /* Frameworks */,
				1808ED952AB8134F003DC28E /* Resources */,
			);
			buildRules = (
			);
			dependencies = (
				1808ED992AB8134F003DC28E /* PBXTargetDependency */,
			);
			name = LendEasyProjectTests;
			productName = LendEasyProjectTests;
			productReference = 1808ED972AB8134F003DC28E /* LendEasyProjectTests.xctest */;
			productType = "com.apple.product-type.bundle.unit-test";
		};
		1808EDA02AB8134F003DC28E /* LendEasyProjectUITests */ = {
			isa = PBXNativeTarget;
			buildConfigurationList = 1808EDB12AB8134F003DC28E /* Build configuration list for PBXNativeTarget "LendEasyProjectUITests" */;
			buildPhases = (
				1808ED9D2AB8134F003DC28E /* Sources */,
				1808ED9E2AB8134F003DC28E /* Frameworks */,
				1808ED9F2AB8134F003DC28E /* Resources */,
			);
			buildRules = (
			);
			dependencies = (
				1808EDA32AB8134F003DC28E /* PBXTargetDependency */,
			);
			name = LendEasyProjectUITests;
			productName = LendEasyProjectUITests;
			productReference = 1808EDA12AB8134F003DC28E /* LendEasyProjectUITests.xctest */;
			productType = "com.apple.product-type.bundle.ui-testing";
		};
/* End PBXNativeTarget section */

/* Begin PBXProject section */
		1808ED792AB8134C003DC28E /* Project object */ = {
			isa = PBXProject;
			attributes = {
				BuildIndependentTargetsInParallel = 1;
				LastSwiftUpdateCheck = 1430;
				LastUpgradeCheck = 1430;
				TargetAttributes = {
					1808ED802AB8134C003DC28E = {
						CreatedOnToolsVersion = 14.3;
					};
					1808ED962AB8134F003DC28E = {
						CreatedOnToolsVersion = 14.3;
						TestTargetID = 1808ED802AB8134C003DC28E;
					};
					1808EDA02AB8134F003DC28E = {
						CreatedOnToolsVersion = 14.3;
						TestTargetID = 1808ED802AB8134C003DC28E;
					};
				};
			};
			buildConfigurationList = 1808ED7C2AB8134C003DC28E /* Build configuration list for PBXProject "LendEasyProject" */;
			compatibilityVersion = "Xcode 14.0";
			developmentRegion = en;
			hasScannedForEncodings = 0;
			knownRegions = (
				en,
				Base,
			);
			mainGroup = 1808ED782AB8134C003DC28E;
			productRefGroup = 1808ED822AB8134C003DC28E /* Products */;
			projectDirPath = "";
			projectRoot = "";
			targets = (
				1808ED802AB8134C003DC28E /* LendEasyProject */,
				1808ED962AB8134F003DC28E /* LendEasyProjectTests */,
				1808EDA02AB8134F003DC28E /* LendEasyProjectUITests */,
			);
		};
/* End PBXProject section */

/* Begin PBXResourcesBuildPhase section */
		1808ED7F2AB8134C003DC28E /* Resources */ = {
			isa = PBXResourcesBuildPhase;
			buildActionMask = 2147483647;
			files = (
				1808ED912AB8134F003DC28E /* LaunchScreen.storyboard in Resources */,
				1808ED8E2AB8134F003DC28E /* Assets.xcassets in Resources */,
				1808ED8C2AB8134C003DC28E /* Main.storyboard in Resources */,
			);
			runOnlyForDeploymentPostprocessing = 0;
		};
		1808ED952AB8134F003DC28E /* Resources */ = {
			isa = PBXResourcesBuildPhase;
			buildActionMask = 2147483647;
			files = (
			);
			runOnlyForDeploymentPostprocessing = 0;
		};
		1808ED9F2AB8134F003DC28E /* Resources */ = {
			isa = PBXResourcesBuildPhase;
			buildActionMask = 2147483647;
			files = (
			);
			runOnlyForDeploymentPostprocessing = 0;
		};
/* End PBXResourcesBuildPhase section */

/* Begin PBXSourcesBuildPhase section */
		1808ED7D2AB8134C003DC28E /* Sources */ = {
			isa = PBXSourcesBuildPhase;
			buildActionMask = 2147483647;
			files = (
				1808ED892AB8134C003DC28E /* ViewController.swift in Sources */,
				1808ED852AB8134C003DC28E /* AppDelegate.swift in Sources */,
				1808ED872AB8134C003DC28E /* SceneDelegate.swift in Sources */,
			);
			runOnlyForDeploymentPostprocessing = 0;
		};
		1808ED932AB8134F003DC28E /* Sources */ = {
			isa = PBXSourcesBuildPhase;
			buildActionMask = 2147483647;
			files = (
				1808ED9C2AB8134F003DC28E /* LendEasyProjectTests.swift in Sources */,
			);
			runOnlyForDeploymentPostprocessing = 0;
		};
		1808ED9D2AB8134F003DC28E /* Sources */ = {
			isa = PBXSourcesBuildPhase;
			buildActionMask = 2147483647;
			files = (
				1808EDA62AB8134F003DC28E /* LendEasyProjectUITests.swift in Sources */,
				1808EDA82AB8134F003DC28E /* LendEasyProjectUITestsLaunchTests.swift in Sources */,
			);
			runOnlyForDeploymentPostprocessing = 0;
		};
/* End PBXSourcesBuildPhase section */

/* Begin PBXTargetDependency section */
		1808ED992AB8134F003DC28E /* PBXTargetDependency */ = {
			isa = PBXTargetDependency;
			target = 1808ED802AB8134C003DC28E /* LendEasyProject */;
			targetProxy = 1808ED982AB8134F003DC28E /* PBXContainerItemProxy */;
		};
		1808EDA32AB8134F003DC28E /* PBXTargetDependency */ = {
			isa = PBXTargetDependency;
			target = 1808ED802AB8134C003DC28E /* LendEasyProject */;
			targetProxy = 1808EDA22AB8134F003DC28E /* PBXContainerItemProxy */;
		};
/* End PBXTargetDependency section */

/* Begin PBXVariantGroup section */
		1808ED8A2AB8134C003DC28E /* Main.storyboard */ = {
			isa = PBXVariantGroup;
			children = (
				1808ED8B2AB8134C003DC28E /* Base */,
			);
			name = Main.storyboard;
			sourceTree = "<group>";
		};
		1808ED8F2AB8134F003DC28E /* LaunchScreen.storyboard */ = {
			isa = PBXVariantGroup;
			children = (
				1808ED902AB8134F003DC28E /* Base */,
			);
			name = LaunchScreen.storyboard;
			sourceTree = "<group>";
		};
/* End PBXVariantGroup section */

/* Begin XCBuildConfiguration section */
		1808EDA92AB8134F003DC28E /* Debug */ = {
			isa = XCBuildConfiguration;
			buildSettings = {
				ALWAYS_SEARCH_USER_PATHS = NO;
				CLANG_ANALYZER_NONNULL = YES;
				CLANG_ANALYZER_NUMBER_OBJECT_CONVERSION = YES_AGGRESSIVE;
				CLANG_CXX_LANGUAGE_STANDARD = "gnu++20";
				CLANG_ENABLE_MODULES = YES;
				CLANG_ENABLE_OBJC_ARC = YES;
				CLANG_ENABLE_OBJC_WEAK = YES;
				CLANG_WARN_BLOCK_CAPTURE_AUTORELEASING = YES;
				CLANG_WARN_BOOL_CONVERSION = YES;
				CLANG_WARN_COMMA = YES;
				CLANG_WARN_CONSTANT_CONVERSION = YES;
				CLANG_WARN_DEPRECATED_OBJC_IMPLEMENTATIONS = YES;
				CLANG_WARN_DIRECT_OBJC_ISA_USAGE = YES_ERROR;
				CLANG_WARN_DOCUMENTATION_COMMENTS = YES;
				CLANG_WARN_EMPTY_BODY = YES;
				CLANG_WARN_ENUM_CONVERSION = YES;
				CLANG_WARN_INFINITE_RECURSION = YES;
				CLANG_WARN_INT_CONVERSION = YES;
				CLANG_WARN_NON_LITERAL_NULL_CONVERSION = YES;
				CLANG_WARN_OBJC_IMPLICIT_RETAIN_SELF = YES;
				CLANG_WARN_OBJC_LITERAL_CONVERSION = YES;
				CLANG_WARN_OBJC_ROOT_CLASS = YES_ERROR;
				CLANG_WARN_QUOTED_INCLUDE_IN_FRAMEWORK_HEADER = YES;
				CLANG_WARN_RANGE_LOOP_ANALYSIS = YES;
				CLANG_WARN_STRICT_PROTOTYPES = YES;
				CLANG_WARN_SUSPICIOUS_MOVE = YES;
				CLANG_WARN_UNGUARDED_AVAILABILITY = YES_AGGRESSIVE;
				CLANG_WARN_UNREACHABLE_CODE = YES;
				CLANG_WARN__DUPLICATE_METHOD_MATCH = YES;
				COPY_PHASE_STRIP = NO;
				DEBUG_INFORMATION_FORMAT = dwarf;
				ENABLE_STRICT_OBJC_MSGSEND = YES;
				ENABLE_TESTABILITY = YES;
				GCC_C_LANGUAGE_STANDARD = gnu11;
				GCC_DYNAMIC_NO_PIC = NO;
				GCC_NO_COMMON_BLOCKS = YES;
				GCC_OPTIMIZATION_LEVEL = 0;
				GCC_PREPROCESSOR_DEFINITIONS = (
					"DEBUG=1",
					"$(inherited)",
				);
				GCC_WARN_64_TO_32_BIT_CONVERSION = YES;
				GCC_WARN_ABOUT_RETURN_TYPE = YES_ERROR;
				GCC_WARN_UNDECLARED_SELECTOR = YES;
				GCC_WARN_UNINITIALIZED_AUTOS = YES_AGGRESSIVE;
				GCC_WARN_UNUSED_FUNCTION = YES;
				GCC_WARN_UNUSED_VARIABLE = YES;
				IPHONEOS_DEPLOYMENT_TARGET = 16.4;
				MTL_ENABLE_DEBUG_INFO = INCLUDE_SOURCE;
				MTL_FAST_MATH = YES;
				ONLY_ACTIVE_ARCH = YES;
				SDKROOT = iphoneos;
				SWIFT_ACTIVE_COMPILATION_CONDITIONS = DEBUG;
				SWIFT_OPTIMIZATION_LEVEL = "-Onone";
			};
			name = Debug;
		};
		1808EDAA2AB8134F003DC28E /* Release */ = {
			isa = XCBuildConfiguration;
			buildSettings = {
				ALWAYS_SEARCH_USER_PATHS = NO;
				CLANG_ANALYZER_NONNULL = YES;
				CLANG_ANALYZER_NUMBER_OBJECT_CONVERSION = YES_AGGRESSIVE;
				CLANG_CXX_LANGUAGE_STANDARD = "gnu++20";
				CLANG_ENABLE_MODULES = YES;
				CLANG_ENABLE_OBJC_ARC = YES;
				CLANG_ENABLE_OBJC_WEAK = YES;
				CLANG_WARN_BLOCK_CAPTURE_AUTORELEASING = YES;
				CLANG_WARN_BOOL_CONVERSION = YES;
				CLANG_WARN_COMMA = YES;
				CLANG_WARN_CONSTANT_CONVERSION = YES;
				CLANG_WARN_DEPRECATED_OBJC_IMPLEMENTATIONS = YES;
				CLANG_WARN_DIRECT_OBJC_ISA_USAGE = YES_ERROR;
				CLANG_WARN_DOCUMENTATION_COMMENTS = YES;
				CLANG_WARN_EMPTY_BODY = YES;
				CLANG_WARN_ENUM_CONVERSION = YES;
				CLANG_WARN_INFINITE_RECURSION = YES;
				CLANG_WARN_INT_CONVERSION = YES;
				CLANG_WARN_NON_LITERAL_NULL_CONVERSION = YES;
				CLANG_WARN_OBJC_IMPLICIT_RETAIN_SELF = YES;
				CLANG_WARN_OBJC_LITERAL_CONVERSION = YES;
				CLANG_WARN_OBJC_ROOT_CLASS = YES_ERROR;
				CLANG_WARN_QUOTED_INCLUDE_IN_FRAMEWORK_HEADER = YES;
				CLANG_WARN_RANGE_LOOP_ANALYSIS = YES;
				CLANG_WARN_STRICT_PROTOTYPES = YES;
				CLANG_WARN_SUSPICIOUS_MOVE = YES;
				CLANG_WARN_UNGUARDED_AVAILABILITY = YES_AGGRESSIVE;
				CLANG_WARN_UNREACHABLE_CODE = YES;
				CLANG_WARN__DUPLICATE_METHOD_MATCH = YES;
				COPY_PHASE_STRIP = NO;
				DEBUG_INFORMATION_FORMAT = "dwarf-with-dsym";
				ENABLE_NS_ASSERTIONS = NO;
				ENABLE_STRICT_OBJC_MSGSEND = YES;
				GCC_C_LANGUAGE_STANDARD = gnu11;
				GCC_NO_COMMON_BLOCKS = YES;
				GCC_WARN_64_TO_32_BIT_CONVERSION = YES;
				GCC_WARN_ABOUT_RETURN_TYPE = YES_ERROR;
				GCC_WARN_UNDECLARED_SELECTOR = YES;
				GCC_WARN_UNINITIALIZED_AUTOS = YES_AGGRESSIVE;
				GCC_WARN_UNUSED_FUNCTION = YES;
				GCC_WARN_UNUSED_VARIABLE = YES;
				IPHONEOS_DEPLOYMENT_TARGET = 16.4;
				MTL_ENABLE_DEBUG_INFO = NO;
				MTL_FAST_MATH = YES;
				SDKROOT = iphoneos;
				SWIFT_COMPILATION_MODE = wholemodule;
				SWIFT_OPTIMIZATION_LEVEL = "-O";
				VALIDATE_PRODUCT = YES;
			};
			name = Release;
		};
		1808EDAC2AB8134F003DC28E /* Debug */ = {
			isa = XCBuildConfiguration;
			buildSettings = {
				ASSETCATALOG_COMPILER_APPICON_NAME = AppIcon;
				ASSETCATALOG_COMPILER_GLOBAL_ACCENT_COLOR_NAME = AccentColor;
				CODE_SIGN_STYLE = Automatic;
				CURRENT_PROJECT_VERSION = 1;
				DEVELOPMENT_TEAM = JEBDQNTERX;
				GENERATE_INFOPLIST_FILE = YES;
				INFOPLIST_FILE = LendEasyProject/Info.plist;
				INFOPLIST_KEY_UIApplicationSupportsIndirectInputEvents = YES;
				INFOPLIST_KEY_UILaunchStoryboardName = LaunchScreen;
				INFOPLIST_KEY_UIMainStoryboardFile = Main;
				INFOPLIST_KEY_UISupportedInterfaceOrientations_iPad = "UIInterfaceOrientationPortrait UIInterfaceOrientationPortraitUpsideDown UIInterfaceOrientationLandscapeLeft UIInterfaceOrientationLandscapeRight";
				INFOPLIST_KEY_UISupportedInterfaceOrientations_iPhone = "UIInterfaceOrientationPortrait UIInterfaceOrientationLandscapeLeft UIInterfaceOrientationLandscapeRight";
				LD_RUNPATH_SEARCH_PATHS = (
					"$(inherited)",
					"@executable_path/Frameworks",
				);
				MARKETING_VERSION = 1.0;
				PRODUCT_BUNDLE_IDENTIFIER = com.ibike668.CityPublicBike.LendEasyProject;
				PRODUCT_NAME = "$(TARGET_NAME)";
				SWIFT_EMIT_LOC_STRINGS = YES;
				SWIFT_VERSION = 5.0;
				TARGETED_DEVICE_FAMILY = "1,2";
			};
			name = Debug;
		};
		1808EDAD2AB8134F003DC28E /* Release */ = {
			isa = XCBuildConfiguration;
			buildSettings = {
				ASSETCATALOG_COMPILER_APPICON_NAME = AppIcon;
				ASSETCATALOG_COMPILER_GLOBAL_ACCENT_COLOR_NAME = AccentColor;
				CODE_SIGN_STYLE = Automatic;
				CURRENT_PROJECT_VERSION = 1;
				DEVELOPMENT_TEAM = JEBDQNTERX;
				GENERATE_INFOPLIST_FILE = YES;
				INFOPLIST_FILE = LendEasyProject/Info.plist;
				INFOPLIST_KEY_UIApplicationSupportsIndirectInputEvents = YES;
				INFOPLIST_KEY_UILaunchStoryboardName = LaunchScreen;
				INFOPLIST_KEY_UIMainStoryboardFile = Main;
				INFOPLIST_KEY_UISupportedInterfaceOrientations_iPad = "UIInterfaceOrientationPortrait UIInterfaceOrientationPortraitUpsideDown UIInterfaceOrientationLandscapeLeft UIInterfaceOrientationLandscapeRight";
				INFOPLIST_KEY_UISupportedInterfaceOrientations_iPhone = "UIInterfaceOrientationPortrait UIInterfaceOrientationLandscapeLeft UIInterfaceOrientationLandscapeRight";
				LD_RUNPATH_SEARCH_PATHS = (
					"$(inherited)",
					"@executable_path/Frameworks",
				);
				MARKETING_VERSION = 1.0;
				PRODUCT_BUNDLE_IDENTIFIER = com.ibike668.CityPublicBike.LendEasyProject;
				PRODUCT_NAME = "$(TARGET_NAME)";
				SWIFT_EMIT_LOC_STRINGS = YES;
				SWIFT_VERSION = 5.0;
				TARGETED_DEVICE_FAMILY = "1,2";
			};
			name = Release;
		};
		1808EDAF2AB8134F003DC28E /* Debug */ = {
			isa = XCBuildConfiguration;
			buildSettings = {
				ALWAYS_EMBED_SWIFT_STANDARD_LIBRARIES = YES;
				BUNDLE_LOADER = "$(TEST_HOST)";
				CODE_SIGN_STYLE = Automatic;
				CURRENT_PROJECT_VERSION = 1;
				DEVELOPMENT_TEAM = JEBDQNTERX;
				GENERATE_INFOPLIST_FILE = YES;
				IPHONEOS_DEPLOYMENT_TARGET = 16.4;
				MARKETING_VERSION = 1.0;
				PRODUCT_BUNDLE_IDENTIFIER = com.ibike668.CityPublicBike.LendEasyProjectTests;
				PRODUCT_NAME = "$(TARGET_NAME)";
				SWIFT_EMIT_LOC_STRINGS = NO;
				SWIFT_VERSION = 5.0;
				TARGETED_DEVICE_FAMILY = "1,2";
				TEST_HOST = "$(BUILT_PRODUCTS_DIR)/LendEasyProject.app/$(BUNDLE_EXECUTABLE_FOLDER_PATH)/LendEasyProject";
			};
			name = Debug;
		};
		1808EDB02AB8134F003DC28E /* Release */ = {
			isa = XCBuildConfiguration;
			buildSettings = {
				ALWAYS_EMBED_SWIFT_STANDARD_LIBRARIES = YES;
				BUNDLE_LOADER = "$(TEST_HOST)";
				CODE_SIGN_STYLE = Automatic;
				CURRENT_PROJECT_VERSION = 1;
				DEVELOPMENT_TEAM = JEBDQNTERX;
				GENERATE_INFOPLIST_FILE = YES;
				IPHONEOS_DEPLOYMENT_TARGET = 16.4;
				MARKETING_VERSION = 1.0;
				PRODUCT_BUNDLE_IDENTIFIER = com.ibike668.CityPublicBike.LendEasyProjectTests;
				PRODUCT_NAME = "$(TARGET_NAME)";
				SWIFT_EMIT_LOC_STRINGS = NO;
				SWIFT_VERSION = 5.0;
				TARGETED_DEVICE_FAMILY = "1,2";
				TEST_HOST = "$(BUILT_PRODUCTS_DIR)/LendEasyProject.app/$(BUNDLE_EXECUTABLE_FOLDER_PATH)/LendEasyProject";
			};
			name = Release;
		};
		1808EDB22AB8134F003DC28E /* Debug */ = {
			isa = XCBuildConfiguration;
			buildSettings = {
				ALWAYS_EMBED_SWIFT_STANDARD_LIBRARIES = YES;
				CODE_SIGN_STYLE = Automatic;
				CURRENT_PROJECT_VERSION = 1;
				DEVELOPMENT_TEAM = JEBDQNTERX;
				GENERATE_INFOPLIST_FILE = YES;
				MARKETING_VERSION = 1.0;
				PRODUCT_BUNDLE_IDENTIFIER = com.ibike668.CityPublicBike.LendEasyProjectUITests;
				PRODUCT_NAME = "$(TARGET_NAME)";
				SWIFT_EMIT_LOC_STRINGS = NO;
				SWIFT_VERSION = 5.0;
				TARGETED_DEVICE_FAMILY = "1,2";
				TEST_TARGET_NAME = LendEasyProject;
			};
			name = Debug;
		};
		1808EDB32AB8134F003DC28E /* Release */ = {
			isa = XCBuildConfiguration;
			buildSettings = {
				ALWAYS_EMBED_SWIFT_STANDARD_LIBRARIES = YES;
				CODE_SIGN_STYLE = Automatic;
				CURRENT_PROJECT_VERSION = 1;
				DEVELOPMENT_TEAM = JEBDQNTERX;
				GENERATE_INFOPLIST_FILE = YES;
				MARKETING_VERSION = 1.0;
				PRODUCT_BUNDLE_IDENTIFIER = com.ibike668.CityPublicBike.LendEasyProjectUITests;
				PRODUCT_NAME = "$(TARGET_NAME)";
				SWIFT_EMIT_LOC_STRINGS = NO;
				SWIFT_VERSION = 5.0;
				TARGETED_DEVICE_FAMILY = "1,2";
				TEST_TARGET_NAME = LendEasyProject;
			};
			name = Release;
		};
/* End XCBuildConfiguration section */

/* Begin XCConfigurationList section */
		1808ED7C2AB8134C003DC28E /* Build configuration list for PBXProject "LendEasyProject" */ = {
			isa = XCConfigurationList;
			buildConfigurations = (
				1808EDA92AB8134F003DC28E /* Debug */,
				1808EDAA2AB8134F003DC28E /* Release */,
			);
			defaultConfigurationIsVisible = 0;
			defaultConfigurationName = Release;
		};
		1808EDAB2AB8134F003DC28E /* Build configuration list for PBXNativeTarget "LendEasyProject" */ = {
			isa = XCConfigurationList;
			buildConfigurations = (
				1808EDAC2AB8134F003DC28E /* Debug */,
				1808EDAD2AB8134F003DC28E /* Release */,
			);
			defaultConfigurationIsVisible = 0;
			defaultConfigurationName = Release;
		};
		1808EDAE2AB8134F003DC28E /* Build configuration list for PBXNativeTarget "LendEasyProjectTests" */ = {
			isa = XCConfigurationList;
			buildConfigurations = (
				1808EDAF2AB8134F003DC28E /* Debug */,
				1808EDB02AB8134F003DC28E /* Release */,
			);
			defaultConfigurationIsVisible = 0;
			defaultConfigurationName = Release;
		};
		1808EDB12AB8134F003DC28E /* Build configuration list for PBXNativeTarget "LendEasyProjectUITests" */ = {
			isa = XCConfigurationList;
			buildConfigurations = (
				1808EDB22AB8134F003DC28E /* Debug */,
				1808EDB32AB8134F003DC28E /* Release */,
			);
			defaultConfigurationIsVisible = 0;
			defaultConfigurationName = Release;
		};
/* End XCConfigurationList section */
	};
	rootObject = 1808ED792AB8134C003DC28E /* Project object */;
}
